
Microsoft Visual Studio Solution File, Format Version 12.00
# Visual Studio Version 16
VisualStudioVersion = 16.0.30413.136
MinimumVisualStudioVersion = 10.0.40219.1
Project("{8BC9CEB8-8B4A-11D0-8D11-00A0C91BC942}") = "1 - La cuerda de la cometa", "1 - La cuerda de la cometa\1 - La cuerda de la cometa.vcxproj", "{2F850C74-EC51-4265-9111-CEB5FCDA118B}"
EndProject
Global
	GlobalSection(SolutionConfigurationPlatforms) = preSolution
		Debug|x64 = Debug|x64
		Debug|x86 = Debug|x86
		Release|x64 = Release|x64
		Release|x86 = Release|x86
	EndGlobalSection
	GlobalSection(ProjectConfigurationPlatforms) = postSolution
		{2F850C74-EC51-4265-9111-CEB5FCDA118B}.Debug|x64.ActiveCfg = Debug|x64
		{2F850C74-EC51-4265-9111-CEB5FCDA118B}.Debug|x64.Build.0 = Debug|x64
		{2F850C74-EC51-4265-9111-CEB5FCDA118B}.Debug|x86.ActiveCfg = Debug|Win32
		{2F850C74-EC51-4265-9111-CEB5FCDA118B}.Debug|x86.Build.0 = Debug|Win32
		{2F850C74-EC51-4265-9111-CEB5FCDA118B}.Release|x64.ActiveCfg = Release|x64
		{2F850C74-EC51-4265-9111-CEB5FCDA118B}.Release|x64.Build.0 = Release|x64
		{2F850C74-EC51-4265-9111-CEB5FCDA118B}.Release|x86.ActiveCfg = Release|Win32
		{2F850C74-EC51-4265-9111-CEB5FCDA118B}.Release|x86.Build.0 = Release|Win32
	EndGlobalSection
	GlobalSection(SolutionProperties) = preSolution
		HideSolutionNode = FALSE
	EndGlobalSection
	GlobalSection(ExtensibilityGlobals) = postSolution
		SolutionGuid = {A1B92BCC-C3A0-40E7-8EA7-739561E881E8}
	EndGlobalSection
EndGlobal
