
Microsoft Visual Studio Solution File, Format Version 12.00
# Visual Studio Version 16
VisualStudioVersion = 16.0.30413.136
MinimumVisualStudioVersion = 10.0.40219.1
Project("{8BC9CEB8-8B4A-11D0-8D11-00A0C91BC942}") = "28 - Nos invaden", "28 - Nos invaden\28 - Nos invaden.vcxproj", "{715D84DE-F859-4CD3-B808-6B4A7515FA82}"
EndProject
Global
	GlobalSection(SolutionConfigurationPlatforms) = preSolution
		Debug|x64 = Debug|x64
		Debug|x86 = Debug|x86
		Release|x64 = Release|x64
		Release|x86 = Release|x86
	EndGlobalSection
	GlobalSection(ProjectConfigurationPlatforms) = postSolution
		{715D84DE-F859-4CD3-B808-6B4A7515FA82}.Debug|x64.ActiveCfg = Debug|x64
		{715D84DE-F859-4CD3-B808-6B4A7515FA82}.Debug|x64.Build.0 = Debug|x64
		{715D84DE-F859-4CD3-B808-6B4A7515FA82}.Debug|x86.ActiveCfg = Debug|Win32
		{715D84DE-F859-4CD3-B808-6B4A7515FA82}.Debug|x86.Build.0 = Debug|Win32
		{715D84DE-F859-4CD3-B808-6B4A7515FA82}.Release|x64.ActiveCfg = Release|x64
		{715D84DE-F859-4CD3-B808-6B4A7515FA82}.Release|x64.Build.0 = Release|x64
		{715D84DE-F859-4CD3-B808-6B4A7515FA82}.Release|x86.ActiveCfg = Release|Win32
		{715D84DE-F859-4CD3-B808-6B4A7515FA82}.Release|x86.Build.0 = Release|Win32
	EndGlobalSection
	GlobalSection(SolutionProperties) = preSolution
		HideSolutionNode = FALSE
	EndGlobalSection
	GlobalSection(ExtensibilityGlobals) = postSolution
		SolutionGuid = {FBAEBFD9-C519-4F70-90F2-EB70DE2905FF}
	EndGlobalSection
EndGlobal
