
Microsoft Visual Studio Solution File, Format Version 12.00
# Visual Studio Version 16
VisualStudioVersion = 16.0.30413.136
MinimumVisualStudioVersion = 10.0.40219.1
Project("{8BC9CEB8-8B4A-11D0-8D11-00A0C91BC942}") = "Es un arbol AVL", "Es un arbol AVL\Es un arbol AVL.vcxproj", "{8A3609DA-62BD-4234-BB05-099120A4C952}"
EndProject
Global
	GlobalSection(SolutionConfigurationPlatforms) = preSolution
		Debug|x64 = Debug|x64
		Debug|x86 = Debug|x86
		Release|x64 = Release|x64
		Release|x86 = Release|x86
	EndGlobalSection
	GlobalSection(ProjectConfigurationPlatforms) = postSolution
		{8A3609DA-62BD-4234-BB05-099120A4C952}.Debug|x64.ActiveCfg = Debug|x64
		{8A3609DA-62BD-4234-BB05-099120A4C952}.Debug|x64.Build.0 = Debug|x64
		{8A3609DA-62BD-4234-BB05-099120A4C952}.Debug|x86.ActiveCfg = Debug|Win32
		{8A3609DA-62BD-4234-BB05-099120A4C952}.Debug|x86.Build.0 = Debug|Win32
		{8A3609DA-62BD-4234-BB05-099120A4C952}.Release|x64.ActiveCfg = Release|x64
		{8A3609DA-62BD-4234-BB05-099120A4C952}.Release|x64.Build.0 = Release|x64
		{8A3609DA-62BD-4234-BB05-099120A4C952}.Release|x86.ActiveCfg = Release|Win32
		{8A3609DA-62BD-4234-BB05-099120A4C952}.Release|x86.Build.0 = Release|Win32
	EndGlobalSection
	GlobalSection(SolutionProperties) = preSolution
		HideSolutionNode = FALSE
	EndGlobalSection
	GlobalSection(ExtensibilityGlobals) = postSolution
		SolutionGuid = {5368022B-C489-4622-B7A4-BBA3B52AA15B}
	EndGlobalSection
EndGlobal
